{
  "name": "@lexi-kit/utils",
  "version": "0.0.4-next.3",
  "lockfileVersion": 2,
  "requires": true,
  "packages": {
    "": {
      "name": "@lexi-kit/utils",
      "version": "0.0.4-next.3",
      "license": "ISC",
      "dependencies": {
        "@lexical/react": "^0.10.0",
        "@lexical/selection": "^0.10.0"
      },
      "peerDependencies": {
        "lexical": ">=0.10.x",
        "react": ">=17.x",
        "react-dom": ">=17.x"
      }
    },
    "../../../node_modules/.pnpm/@lexical+react@0.10.0_lexical@0.10.0_react-dom@17.0.0_react@17.0.0_yjs@13.6.1/node_modules/@lexical/react": {
      "version": "0.10.0",
      "license": "MIT",
      "dependencies": {
        "@lexical/clipboard": "0.10.0",
        "@lexical/code": "0.10.0",
        "@lexical/dragon": "0.10.0",
        "@lexical/hashtag": "0.10.0",
        "@lexical/history": "0.10.0",
        "@lexical/link": "0.10.0",
        "@lexical/list": "0.10.0",
        "@lexical/mark": "0.10.0",
        "@lexical/markdown": "0.10.0",
        "@lexical/overflow": "0.10.0",
        "@lexical/plain-text": "0.10.0",
        "@lexical/rich-text": "0.10.0",
        "@lexical/selection": "0.10.0",
        "@lexical/table": "0.10.0",
        "@lexical/text": "0.10.0",
        "@lexical/utils": "0.10.0",
        "@lexical/yjs": "0.10.0",
        "react-error-boundary": "^3.1.4"
      },
      "peerDependencies": {
        "lexical": "0.10.0",
        "react": ">=17.x",
        "react-dom": ">=17.x"
      }
    },
    "../../../node_modules/.pnpm/@lexical+selection@0.10.0_lexical@0.10.0/node_modules/@lexical/selection": {
      "version": "0.10.0",
      "license": "MIT",
      "peerDependencies": {
        "lexical": "0.10.0"
      }
    },
    "../../../node_modules/.pnpm/lexical@0.10.0/node_modules/lexical": {
      "version": "0.10.0",
      "license": "MIT",
      "peer": true
    },
    "../../../node_modules/.pnpm/react-dom@17.0.0_react@17.0.0/node_modules/react-dom": {
      "version": "17.0.0",
      "license": "MIT",
      "peer": true,
      "dependencies": {
        "loose-envify": "^1.1.0",
        "object-assign": "^4.1.1",
        "scheduler": "^0.20.0"
      },
      "peerDependencies": {
        "react": "17.0.0"
      }
    },
    "../../../node_modules/.pnpm/react@17.0.0/node_modules/react": {
      "version": "17.0.0",
      "license": "MIT",
      "peer": true,
      "dependencies": {
        "loose-envify": "^1.1.0",
        "object-assign": "^4.1.1"
      },
      "engines": {
        "node": ">=0.10.0"
      }
    },
    "node_modules/@lexical/react": {
      "resolved": "../../../node_modules/.pnpm/@lexical+react@0.10.0_lexical@0.10.0_react-dom@17.0.0_react@17.0.0_yjs@13.6.1/node_modules/@lexical/react",
      "link": true
    },
    "node_modules/@lexical/selection": {
      "resolved": "../../../node_modules/.pnpm/@lexical+selection@0.10.0_lexical@0.10.0/node_modules/@lexical/selection",
      "link": true
    },
    "node_modules/lexical": {
      "resolved": "../../../node_modules/.pnpm/lexical@0.10.0/node_modules/lexical",
      "link": true
    },
    "node_modules/react": {
      "resolved": "../../../node_modules/.pnpm/react@17.0.0/node_modules/react",
      "link": true
    },
    "node_modules/react-dom": {
      "resolved": "../../../node_modules/.pnpm/react-dom@17.0.0_react@17.0.0/node_modules/react-dom",
      "link": true
    }
  },
  "dependencies": {
    "@lexical/react": {
      "version": "file:../../../node_modules/.pnpm/@lexical+react@0.10.0_lexical@0.10.0_react-dom@17.0.0_react@17.0.0_yjs@13.6.1/node_modules/@lexical/react",
      "requires": {
        "@lexical/clipboard": "0.10.0",
        "@lexical/code": "0.10.0",
        "@lexical/dragon": "0.10.0",
        "@lexical/hashtag": "0.10.0",
        "@lexical/history": "0.10.0",
        "@lexical/link": "0.10.0",
        "@lexical/list": "0.10.0",
        "@lexical/mark": "0.10.0",
        "@lexical/markdown": "0.10.0",
        "@lexical/overflow": "0.10.0",
        "@lexical/plain-text": "0.10.0",
        "@lexical/rich-text": "0.10.0",
        "@lexical/selection": "0.10.0",
        "@lexical/table": "0.10.0",
        "@lexical/text": "0.10.0",
        "@lexical/utils": "0.10.0",
        "@lexical/yjs": "0.10.0",
        "react-error-boundary": "^3.1.4"
      }
    },
    "@lexical/selection": {
      "version": "file:../../../node_modules/.pnpm/@lexical+selection@0.10.0_lexical@0.10.0/node_modules/@lexical/selection",
      "requires": {}
    },
    "lexical": {
      "version": "file:../../../node_modules/.pnpm/lexical@0.10.0/node_modules/lexical"
    },
    "react": {
      "version": "file:../../../node_modules/.pnpm/react@17.0.0/node_modules/react",
      "requires": {
        "loose-envify": "^1.1.0",
        "object-assign": "^4.1.1"
      }
    },
    "react-dom": {
      "version": "file:../../../node_modules/.pnpm/react-dom@17.0.0_react@17.0.0/node_modules/react-dom",
      "requires": {
        "loose-envify": "^1.1.0",
        "object-assign": "^4.1.1",
        "scheduler": "^0.20.0"
      }
    }
  }
}
